// !$*UTF8*$!
{
	archiveVersion = 1;
	classes = {
	};
	objectVersion = 50;
	objects = {

/* Begin PBXBuildFile section */
		5253FF87210D7F860042977A /* GoogleService-Info.plist in Resources */ = {isa = PBXBuildFile; fileRef = 5253FF86210D7F850042977A /* GoogleService-Info.plist */; };
		52ACBDC2210DA6BE009D1434 /* Services.swift in Sources */ = {isa = PBXBuildFile; fileRef = 52ACBDC1210DA6BE009D1434 /* Services.swift */; };
		52ACBDC4210DC908009D1434 /* TabBarViewController.swift in Sources */ = {isa = PBXBuildFile; fileRef = 52ACBDC3210DC908009D1434 /* TabBarViewController.swift */; };
		52ACBDC6210DCD26009D1434 /* OverviewViewController.swift in Sources */ = {isa = PBXBuildFile; fileRef = 52ACBDC5210DCD26009D1434 /* OverviewViewController.swift */; };
		52ACBDC9210DED91009D1434 /* FieldTableViewCell.swift in Sources */ = {isa = PBXBuildFile; fileRef = 52ACBDC7210DED91009D1434 /* FieldTableViewCell.swift */; };
		52ACBDCA210DED91009D1434 /* FieldTableViewCell.xib in Resources */ = {isa = PBXBuildFile; fileRef = 52ACBDC8210DED91009D1434 /* FieldTableViewCell.xib */; };
		52ACBDCC210DF27C009D1434 /* JsonData.swift in Sources */ = {isa = PBXBuildFile; fileRef = 52ACBDCB210DF27C009D1434 /* JsonData.swift */; };
		52ACBDCE210DF305009D1434 /* EstadisticasViewController.swift in Sources */ = {isa = PBXBuildFile; fileRef = 52ACBDCD210DF305009D1434 /* EstadisticasViewController.swift */; };
		52B441A2210D3503002F6779 /* AppDelegate.swift in Sources */ = {isa = PBXBuildFile; fileRef = 52B441A1210D3503002F6779 /* AppDelegate.swift */; };
		52B441A4210D3503002F6779 /* ViewController.swift in Sources */ = {isa = PBXBuildFile; fileRef = 52B441A3210D3503002F6779 /* ViewController.swift */; };
		52B441A7210D3503002F6779 /* Main.storyboard in Resources */ = {isa = PBXBuildFile; fileRef = 52B441A5210D3503002F6779 /* Main.storyboard */; };
		52B441A9210D3504002F6779 /* Assets.xcassets in Resources */ = {isa = PBXBuildFile; fileRef = 52B441A8210D3504002F6779 /* Assets.xcassets */; };
		52B441AC210D3504002F6779 /* LaunchScreen.storyboard in Resources */ = {isa = PBXBuildFile; fileRef = 52B441AA210D3504002F6779 /* LaunchScreen.storyboard */; };
		52B441B7210D3504002F6779 /* HackBoTests.swift in Sources */ = {isa = PBXBuildFile; fileRef = 52B441B6210D3504002F6779 /* HackBoTests.swift */; };
		52B441C2210D3504002F6779 /* HackBoUITests.swift in Sources */ = {isa = PBXBuildFile; fileRef = 52B441C1210D3504002F6779 /* HackBoUITests.swift */; };
		52C2BC94210E1A4500BA5CE5 /* NotificacionesViewController.swift in Sources */ = {isa = PBXBuildFile; fileRef = 52C2BC93210E1A4500BA5CE5 /* NotificacionesViewController.swift */; };
		52C2BC9B210E1C4600BA5CE5 /* NotTableViewCell.swift in Sources */ = {isa = PBXBuildFile; fileRef = 52C2BC99210E1C4600BA5CE5 /* NotTableViewCell.swift */; };
		52C2BC9C210E1C4600BA5CE5 /* NotTableViewCell.xib in Resources */ = {isa = PBXBuildFile; fileRef = 52C2BC9A210E1C4600BA5CE5 /* NotTableViewCell.xib */; };
		52C2BC9E210E383400BA5CE5 /* Default-667h.png in Resources */ = {isa = PBXBuildFile; fileRef = 52C2BC9D210E383300BA5CE5 /* Default-667h.png */; };
		555C0D12967A46B53094B942 /* Pods_HackBo.framework in Frameworks */ = {isa = PBXBuildFile; fileRef = DDFBB433973F7E9EE21FD167 /* Pods_HackBo.framework */; };
		EC249192210DABEE000018EA /* TransactionTableViewCell.xib in Resources */ = {isa = PBXBuildFile; fileRef = EC249190210DABEE000018EA /* TransactionTableViewCell.xib */; };
/* End PBXBuildFile section */

/* Begin PBXContainerItemProxy section */
		52B441B3210D3504002F6779 /* PBXContainerItemProxy */ = {
			isa = PBXContainerItemProxy;
			containerPortal = 52B44196210D3502002F6779 /* Project object */;
			proxyType = 1;
			remoteGlobalIDString = 52B4419D210D3503002F6779;
			remoteInfo = HackBo;
		};
		52B441BE210D3504002F6779 /* PBXContainerItemProxy */ = {
			isa = PBXContainerItemProxy;
			containerPortal = 52B44196210D3502002F6779 /* Project object */;
			proxyType = 1;
			remoteGlobalIDString = 52B4419D210D3503002F6779;
			remoteInfo = HackBo;
		};
/* End PBXContainerItemProxy section */

/* Begin PBXFileReference section */
		5253FF86210D7F850042977A /* GoogleService-Info.plist */ = {isa = PBXFileReference; fileEncoding = 4; lastKnownFileType = text.plist.xml; path = "GoogleService-Info.plist"; sourceTree = "<group>"; };
		5253FF88210D870A0042977A /* HackBo.entitlements */ = {isa = PBXFileReference; lastKnownFileType = text.plist.entitlements; path = HackBo.entitlements; sourceTree = "<group>"; };
		52ACBDC1210DA6BE009D1434 /* Services.swift */ = {isa = PBXFileReference; lastKnownFileType = sourcecode.swift; path = Services.swift; sourceTree = "<group>"; };
		52ACBDC3210DC908009D1434 /* TabBarViewController.swift */ = {isa = PBXFileReference; lastKnownFileType = sourcecode.swift; path = TabBarViewController.swift; sourceTree = "<group>"; };
		52ACBDC5210DCD26009D1434 /* OverviewViewController.swift */ = {isa = PBXFileReference; lastKnownFileType = sourcecode.swift; path = OverviewViewController.swift; sourceTree = "<group>"; };
		52ACBDC7210DED91009D1434 /* FieldTableViewCell.swift */ = {isa = PBXFileReference; lastKnownFileType = sourcecode.swift; path = FieldTableViewCell.swift; sourceTree = "<group>"; };
		52ACBDC8210DED91009D1434 /* FieldTableViewCell.xib */ = {isa = PBXFileReference; lastKnownFileType = file.xib; path = FieldTableViewCell.xib; sourceTree = "<group>"; };
		52ACBDCB210DF27C009D1434 /* JsonData.swift */ = {isa = PBXFileReference; lastKnownFileType = sourcecode.swift; path = JsonData.swift; sourceTree = "<group>"; };
		52ACBDCD210DF305009D1434 /* EstadisticasViewController.swift */ = {isa = PBXFileReference; lastKnownFileType = sourcecode.swift; path = EstadisticasViewController.swift; sourceTree = "<group>"; };
		52B4419E210D3503002F6779 /* HackBo.app */ = {isa = PBXFileReference; explicitFileType = wrapper.application; includeInIndex = 0; path = HackBo.app; sourceTree = BUILT_PRODUCTS_DIR; };
		52B441A1210D3503002F6779 /* AppDelegate.swift */ = {isa = PBXFileReference; lastKnownFileType = sourcecode.swift; path = AppDelegate.swift; sourceTree = "<group>"; };
		52B441A3210D3503002F6779 /* ViewController.swift */ = {isa = PBXFileReference; lastKnownFileType = sourcecode.swift; path = ViewController.swift; sourceTree = "<group>"; };
		52B441A6210D3503002F6779 /* Base */ = {isa = PBXFileReference; lastKnownFileType = file.storyboard; name = Base; path = Base.lproj/Main.storyboard; sourceTree = "<group>"; };
		52B441A8210D3504002F6779 /* Assets.xcassets */ = {isa = PBXFileReference; lastKnownFileType = folder.assetcatalog; path = Assets.xcassets; sourceTree = "<group>"; };
		52B441AB210D3504002F6779 /* Base */ = {isa = PBXFileReference; lastKnownFileType = file.storyboard; name = Base; path = Base.lproj/LaunchScreen.storyboard; sourceTree = "<group>"; };
		52B441AD210D3504002F6779 /* Info.plist */ = {isa = PBXFileReference; lastKnownFileType = text.plist.xml; path = Info.plist; sourceTree = "<group>"; };
		52B441B2210D3504002F6779 /* HackBoTests.xctest */ = {isa = PBXFileReference; explicitFileType = wrapper.cfbundle; includeInIndex = 0; path = HackBoTests.xctest; sourceTree = BUILT_PRODUCTS_DIR; };
		52B441B6210D3504002F6779 /* HackBoTests.swift */ = {isa = PBXFileReference; lastKnownFileType = sourcecode.swift; path = HackBoTests.swift; sourceTree = "<group>"; };
		52B441B8210D3504002F6779 /* Info.plist */ = {isa = PBXFileReference; lastKnownFileType = text.plist.xml; path = Info.plist; sourceTree = "<group>"; };
		52B441BD210D3504002F6779 /* HackBoUITests.xctest */ = {isa = PBXFileReference; explicitFileType = wrapper.cfbundle; includeInIndex = 0; path = HackBoUITests.xctest; sourceTree = BUILT_PRODUCTS_DIR; };
		52B441C1210D3504002F6779 /* HackBoUITests.swift */ = {isa = PBXFileReference; lastKnownFileType = sourcecode.swift; path = HackBoUITests.swift; sourceTree = "<group>"; };
		52B441C3210D3504002F6779 /* Info.plist */ = {isa = PBXFileReference; lastKnownFileType = text.plist.xml; path = Info.plist; sourceTree = "<group>"; };
		52C2BC93210E1A4500BA5CE5 /* NotificacionesViewController.swift */ = {isa = PBXFileReference; lastKnownFileType = sourcecode.swift; path = NotificacionesViewController.swift; sourceTree = "<group>"; };
		52C2BC99210E1C4600BA5CE5 /* NotTableViewCell.swift */ = {isa = PBXFileReference; lastKnownFileType = sourcecode.swift; path = NotTableViewCell.swift; sourceTree = "<group>"; };
		52C2BC9A210E1C4600BA5CE5 /* NotTableViewCell.xib */ = {isa = PBXFileReference; lastKnownFileType = file.xib; path = NotTableViewCell.xib; sourceTree = "<group>"; };
		52C2BC9D210E383300BA5CE5 /* Default-667h.png */ = {isa = PBXFileReference; lastKnownFileType = image.png; path = "Default-667h.png"; sourceTree = "<group>"; };
		9AA78C88276608EB30A62D9F /* Pods-HackBo.debug.xcconfig */ = {isa = PBXFileReference; includeInIndex = 1; lastKnownFileType = text.xcconfig; name = "Pods-HackBo.debug.xcconfig"; path = "Pods/Target Support Files/Pods-HackBo/Pods-HackBo.debug.xcconfig"; sourceTree = "<group>"; };
		CC371CEB4BC2963D3D047337 /* Pods-HackBo.release.xcconfig */ = {isa = PBXFileReference; includeInIndex = 1; lastKnownFileType = text.xcconfig; name = "Pods-HackBo.release.xcconfig"; path = "Pods/Target Support Files/Pods-HackBo/Pods-HackBo.release.xcconfig"; sourceTree = "<group>"; };
		DDFBB433973F7E9EE21FD167 /* Pods_HackBo.framework */ = {isa = PBXFileReference; explicitFileType = wrapper.framework; includeInIndex = 0; path = Pods_HackBo.framework; sourceTree = BUILT_PRODUCTS_DIR; };
		EC24918F210DABEE000018EA /* TransactionTableViewCell.swift */ = {isa = PBXFileReference; lastKnownFileType = sourcecode.swift; path = TransactionTableViewCell.swift; sourceTree = "<group>"; };
		EC249190210DABEE000018EA /* TransactionTableViewCell.xib */ = {isa = PBXFileReference; lastKnownFileType = file.xib; path = TransactionTableViewCell.xib; sourceTree = "<group>"; };
/* End PBXFileReference section */

/* Begin PBXFrameworksBuildPhase section */
		52B4419B210D3503002F6779 /* Frameworks */ = {
			isa = PBXFrameworksBuildPhase;
			buildActionMask = 2147483647;
			files = (
				555C0D12967A46B53094B942 /* Pods_HackBo.framework in Frameworks */,
			);
			runOnlyForDeploymentPostprocessing = 0;
		};
		52B441AF210D3504002F6779 /* Frameworks */ = {
			isa = PBXFrameworksBuildPhase;
			buildActionMask = 2147483647;
			files = (
			);
			runOnlyForDeploymentPostprocessing = 0;
		};
		52B441BA210D3504002F6779 /* Frameworks */ = {
			isa = PBXFrameworksBuildPhase;
			buildActionMask = 2147483647;
			files = (
			);
			runOnlyForDeploymentPostprocessing = 0;
		};
/* End PBXFrameworksBuildPhase section */

/* Begin PBXGroup section */
		52B44195210D3502002F6779 = {
			isa = PBXGroup;
			children = (
				52B441A0210D3503002F6779 /* HackBo */,
				52B441B5210D3504002F6779 /* HackBoTests */,
				52B441C0210D3504002F6779 /* HackBoUITests */,
				52B4419F210D3503002F6779 /* Products */,
				CFD7454D0E023FB1CF971D33 /* Pods */,
				FB2B82D50A241DA6FF828540 /* Frameworks */,
			);
			sourceTree = "<group>";
		};
		52B4419F210D3503002F6779 /* Products */ = {
			isa = PBXGroup;
			children = (
				52B4419E210D3503002F6779 /* HackBo.app */,
				52B441B2210D3504002F6779 /* HackBoTests.xctest */,
				52B441BD210D3504002F6779 /* HackBoUITests.xctest */,
			);
			name = Products;
			sourceTree = "<group>";
		};
		52B441A0210D3503002F6779 /* HackBo */ = {
			isa = PBXGroup;
			children = (
				5253FF88210D870A0042977A /* HackBo.entitlements */,
				52B441A1210D3503002F6779 /* AppDelegate.swift */,
				52B441A3210D3503002F6779 /* ViewController.swift */,
				52ACBDCB210DF27C009D1434 /* JsonData.swift */,
				52ACBDC1210DA6BE009D1434 /* Services.swift */,
				52B441A5210D3503002F6779 /* Main.storyboard */,
				52C2BC93210E1A4500BA5CE5 /* NotificacionesViewController.swift */,
				52C2BC99210E1C4600BA5CE5 /* NotTableViewCell.swift */,
				52C2BC9A210E1C4600BA5CE5 /* NotTableViewCell.xib */,
				52ACBDCD210DF305009D1434 /* EstadisticasViewController.swift */,
				52ACBDC3210DC908009D1434 /* TabBarViewController.swift */,
				52B441A8210D3504002F6779 /* Assets.xcassets */,
				52ACBDC5210DCD26009D1434 /* OverviewViewController.swift */,
				52ACBDC7210DED91009D1434 /* FieldTableViewCell.swift */,
				52ACBDC8210DED91009D1434 /* FieldTableViewCell.xib */,
				52B441AA210D3504002F6779 /* LaunchScreen.storyboard */,
				52C2BC9D210E383300BA5CE5 /* Default-667h.png */,
				52B441AD210D3504002F6779 /* Info.plist */,
				5253FF86210D7F850042977A /* GoogleService-Info.plist */,
				EC24918F210DABEE000018EA /* TransactionTableViewCell.swift */,
				EC249190210DABEE000018EA /* TransactionTableViewCell.xib */,
			);
			path = HackBo;
			sourceTree = "<group>";
		};
		52B441B5210D3504002F6779 /* HackBoTests */ = {
			isa = PBXGroup;
			children = (
				52B441B6210D3504002F6779 /* HackBoTests.swift */,
				52B441B8210D3504002F6779 /* Info.plist */,
			);
			path = HackBoTests;
			sourceTree = "<group>";
		};
		52B441C0210D3504002F6779 /* HackBoUITests */ = {
			isa = PBXGroup;
			children = (
				52B441C1210D3504002F6779 /* HackBoUITests.swift */,
				52B441C3210D3504002F6779 /* Info.plist */,
			);
			path = HackBoUITests;
			sourceTree = "<group>";
		};
		CFD7454D0E023FB1CF971D33 /* Pods */ = {
			isa = PBXGroup;
			children = (
				9AA78C88276608EB30A62D9F /* Pods-HackBo.debug.xcconfig */,
				CC371CEB4BC2963D3D047337 /* Pods-HackBo.release.xcconfig */,
			);
			name = Pods;
			sourceTree = "<group>";
		};
		FB2B82D50A241DA6FF828540 /* Frameworks */ = {
			isa = PBXGroup;
			children = (
				DDFBB433973F7E9EE21FD167 /* Pods_HackBo.framework */,
			);
			name = Frameworks;
			sourceTree = "<group>";
		};
/* End PBXGroup section */

/* Begin PBXNativeTarget section */
		52B4419D210D3503002F6779 /* HackBo */ = {
			isa = PBXNativeTarget;
			buildConfigurationList = 52B441C6210D3504002F6779 /* Build configuration list for PBXNativeTarget "HackBo" */;
			buildPhases = (
				434AE029E926D76431EBD04D /* [CP] Check Pods Manifest.lock */,
				52B4419A210D3503002F6779 /* Sources */,
				52B4419B210D3503002F6779 /* Frameworks */,
				52B4419C210D3503002F6779 /* Resources */,
				B5B6DFDFFF7C46A2AFBAC17B /* [CP] Embed Pods Frameworks */,
			);
			buildRules = (
			);
			dependencies = (
			);
			name = HackBo;
			productName = HackBo;
			productReference = 52B4419E210D3503002F6779 /* HackBo.app */;
			productType = "com.apple.product-type.application";
		};
		52B441B1210D3504002F6779 /* HackBoTests */ = {
			isa = PBXNativeTarget;
			buildConfigurationList = 52B441C9210D3504002F6779 /* Build configuration list for PBXNativeTarget "HackBoTests" */;
			buildPhases = (
				52B441AE210D3504002F6779 /* Sources */,
				52B441AF210D3504002F6779 /* Frameworks */,
				52B441B0210D3504002F6779 /* Resources */,
			);
			buildRules = (
			);
			dependencies = (
				52B441B4210D3504002F6779 /* PBXTargetDependency */,
			);
			name = HackBoTests;
			productName = HackBoTests;
			productReference = 52B441B2210D3504002F6779 /* HackBoTests.xctest */;
			productType = "com.apple.product-type.bundle.unit-test";
		};
		52B441BC210D3504002F6779 /* HackBoUITests */ = {
			isa = PBXNativeTarget;
			buildConfigurationList = 52B441CC210D3504002F6779 /* Build configuration list for PBXNativeTarget "HackBoUITests" */;
			buildPhases = (
				52B441B9210D3504002F6779 /* Sources */,
				52B441BA210D3504002F6779 /* Frameworks */,
				52B441BB210D3504002F6779 /* Resources */,
			);
			buildRules = (
			);
			dependencies = (
				52B441BF210D3504002F6779 /* PBXTargetDependency */,
			);
			name = HackBoUITests;
			productName = HackBoUITests;
			productReference = 52B441BD210D3504002F6779 /* HackBoUITests.xctest */;
			productType = "com.apple.product-type.bundle.ui-testing";
		};
/* End PBXNativeTarget section */

/* Begin PBXProject section */
		52B44196210D3502002F6779 /* Project object */ = {
			isa = PBXProject;
			attributes = {
				LastSwiftUpdateCheck = 0940;
				LastUpgradeCheck = 0940;
				ORGANIZATIONNAME = PaoloLabs;
				TargetAttributes = {
					52B4419D210D3503002F6779 = {
						CreatedOnToolsVersion = 9.4.1;
						SystemCapabilities = {
							com.apple.Push = {
								enabled = 1;
							};
						};
					};
					52B441B1210D3504002F6779 = {
						CreatedOnToolsVersion = 9.4.1;
						TestTargetID = 52B4419D210D3503002F6779;
					};
					52B441BC210D3504002F6779 = {
						CreatedOnToolsVersion = 9.4.1;
						TestTargetID = 52B4419D210D3503002F6779;
					};
				};
			};
			buildConfigurationList = 52B44199210D3502002F6779 /* Build configuration list for PBXProject "HackBo" */;
			compatibilityVersion = "Xcode 9.3";
			developmentRegion = en;
			hasScannedForEncodings = 0;
			knownRegions = (
				en,
				Base,
			);
			mainGroup = 52B44195210D3502002F6779;
			productRefGroup = 52B4419F210D3503002F6779 /* Products */;
			projectDirPath = "";
			projectRoot = "";
			targets = (
				52B4419D210D3503002F6779 /* HackBo */,
				52B441B1210D3504002F6779 /* HackBoTests */,
				52B441BC210D3504002F6779 /* HackBoUITests */,
			);
		};
/* End PBXProject section */

/* Begin PBXResourcesBuildPhase section */
		52B4419C210D3503002F6779 /* Resources */ = {
			isa = PBXResourcesBuildPhase;
			buildActionMask = 2147483647;
			files = (
				52C2BC9E210E383400BA5CE5 /* Default-667h.png in Resources */,
				EC249192210DABEE000018EA /* TransactionTableViewCell.xib in Resources */,
				52B441AC210D3504002F6779 /* LaunchScreen.storyboard in Resources */,
				52ACBDCA210DED91009D1434 /* FieldTableViewCell.xib in Resources */,
				5253FF87210D7F860042977A /* GoogleService-Info.plist in Resources */,
				52B441A9210D3504002F6779 /* Assets.xcassets in Resources */,
				52B441A7210D3503002F6779 /* Main.storyboard in Resources */,
				52C2BC9C210E1C4600BA5CE5 /* NotTableViewCell.xib in Resources */,
			);
			runOnlyForDeploymentPostprocessing = 0;
		};
		52B441B0210D3504002F6779 /* Resources */ = {
			isa = PBXResourcesBuildPhase;
			buildActionMask = 2147483647;
			files = (
			);
			runOnlyForDeploymentPostprocessing = 0;
		};
		52B441BB210D3504002F6779 /* Resources */ = {
			isa = PBXResourcesBuildPhase;
			buildActionMask = 2147483647;
			files = (
			);
			runOnlyForDeploymentPostprocessing = 0;
		};
/* End PBXResourcesBuildPhase section */

/* Begin PBXShellScriptBuildPhase section */
		434AE029E926D76431EBD04D /* [CP] Check Pods Manifest.lock */ = {
			isa = PBXShellScriptBuildPhase;
			buildActionMask = 2147483647;
			files = (
			);
			inputPaths = (
				"${PODS_PODFILE_DIR_PATH}/Podfile.lock",
				"${PODS_ROOT}/Manifest.lock",
			);
			name = "[CP] Check Pods Manifest.lock";
			outputPaths = (
				"$(DERIVED_FILE_DIR)/Pods-HackBo-checkManifestLockResult.txt",
			);
			runOnlyForDeploymentPostprocessing = 0;
			shellPath = /bin/sh;
			shellScript = "diff \"${PODS_PODFILE_DIR_PATH}/Podfile.lock\" \"${PODS_ROOT}/Manifest.lock\" > /dev/null\nif [ $? != 0 ] ; then\n    # print error to STDERR\n    echo \"error: The sandbox is not in sync with the Podfile.lock. Run 'pod install' or update your CocoaPods installation.\" >&2\n    exit 1\nfi\n# This output is used by Xcode 'outputs' to avoid re-running this script phase.\necho \"SUCCESS\" > \"${SCRIPT_OUTPUT_FILE_0}\"\n";
			showEnvVarsInLog = 0;
		};
		B5B6DFDFFF7C46A2AFBAC17B /* [CP] Embed Pods Frameworks */ = {
			isa = PBXShellScriptBuildPhase;
			buildActionMask = 2147483647;
			files = (
			);
			inputPaths = (
				"${SRCROOT}/Pods/Target Support Files/Pods-HackBo/Pods-HackBo-frameworks.sh",
				"${BUILT_PRODUCTS_DIR}/Alamofire/Alamofire.framework",
				"${BUILT_PRODUCTS_DIR}/Cache/Cache.framework",
				"${BUILT_PRODUCTS_DIR}/Charts/Charts.framework",
				"${BUILT_PRODUCTS_DIR}/ChartsRealm/ChartsRealm.framework",
				"${BUILT_PRODUCTS_DIR}/GoogleToolboxForMac/GoogleToolboxForMac.framework",
				"${BUILT_PRODUCTS_DIR}/IQKeyboardManagerSwift/IQKeyboardManagerSwift.framework",
				"${BUILT_PRODUCTS_DIR}/Imaginary/Imaginary.framework",
				"${BUILT_PRODUCTS_DIR}/KRActivityIndicatorView/KRActivityIndicatorView.framework",
				"${BUILT_PRODUCTS_DIR}/KRProgressHUD/KRProgressHUD.framework",
				"${BUILT_PRODUCTS_DIR}/Popover/Popover.framework",
				"${BUILT_PRODUCTS_DIR}/Protobuf/Protobuf.framework",
				"${BUILT_PRODUCTS_DIR}/ReachabilitySwift/Reachability.framework",
				"${BUILT_PRODUCTS_DIR}/Realm/Realm.framework",
				"${BUILT_PRODUCTS_DIR}/RealmSwift/RealmSwift.framework",
				"${BUILT_PRODUCTS_DIR}/SwiftyJSON/SwiftyJSON.framework",
				"${BUILT_PRODUCTS_DIR}/Toast-Swift/Toast_Swift.framework",
				"${BUILT_PRODUCTS_DIR}/XLActionController/XLActionController.framework",
				"${BUILT_PRODUCTS_DIR}/nanopb/nanopb.framework",
			);
			name = "[CP] Embed Pods Frameworks";
			outputPaths = (
				"${TARGET_BUILD_DIR}/${FRAMEWORKS_FOLDER_PATH}/Alamofire.framework",
				"${TARGET_BUILD_DIR}/${FRAMEWORKS_FOLDER_PATH}/Cache.framework",
				"${TARGET_BUILD_DIR}/${FRAMEWORKS_FOLDER_PATH}/Charts.framework",
				"${TARGET_BUILD_DIR}/${FRAMEWORKS_FOLDER_PATH}/ChartsRealm.framework",
				"${TARGET_BUILD_DIR}/${FRAMEWORKS_FOLDER_PATH}/GoogleToolboxForMac.framework",
				"${TARGET_BUILD_DIR}/${FRAMEWORKS_FOLDER_PATH}/IQKeyboardManagerSwift.framework",
				"${TARGET_BUILD_DIR}/${FRAMEWORKS_FOLDER_PATH}/Imaginary.framework",
				"${TARGET_BUILD_DIR}/${FRAMEWORKS_FOLDER_PATH}/KRActivityIndicatorView.framework",
				"${TARGET_BUILD_DIR}/${FRAMEWORKS_FOLDER_PATH}/KRProgressHUD.framework",
				"${TARGET_BUILD_DIR}/${FRAMEWORKS_FOLDER_PATH}/Popover.framework",
				"${TARGET_BUILD_DIR}/${FRAMEWORKS_FOLDER_PATH}/Protobuf.framework",
				"${TARGET_BUILD_DIR}/${FRAMEWORKS_FOLDER_PATH}/Reachability.framework",
				"${TARGET_BUILD_DIR}/${FRAMEWORKS_FOLDER_PATH}/Realm.framework",
				"${TARGET_BUILD_DIR}/${FRAMEWORKS_FOLDER_PATH}/RealmSwift.framework",
				"${TARGET_BUILD_DIR}/${FRAMEWORKS_FOLDER_PATH}/SwiftyJSON.framework",
				"${TARGET_BUILD_DIR}/${FRAMEWORKS_FOLDER_PATH}/Toast_Swift.framework",
				"${TARGET_BUILD_DIR}/${FRAMEWORKS_FOLDER_PATH}/XLActionController.framework",
				"${TARGET_BUILD_DIR}/${FRAMEWORKS_FOLDER_PATH}/nanopb.framework",
			);
			runOnlyForDeploymentPostprocessing = 0;
			shellPath = /bin/sh;
			shellScript = "\"${SRCROOT}/Pods/Target Support Files/Pods-HackBo/Pods-HackBo-frameworks.sh\"\n";
			showEnvVarsInLog = 0;
		};
/* End PBXShellScriptBuildPhase section */

/* Begin PBXSourcesBuildPhase section */
		52B4419A210D3503002F6779 /* Sources */ = {
			isa = PBXSourcesBuildPhase;
			buildActionMask = 2147483647;
			files = (
				52ACBDC4210DC908009D1434 /* TabBarViewController.swift in Sources */,
				52ACBDCC210DF27C009D1434 /* JsonData.swift in Sources */,
				52B441A4210D3503002F6779 /* ViewController.swift in Sources */,
				52ACBDC9210DED91009D1434 /* FieldTableViewCell.swift in Sources */,
				52ACBDC6210DCD26009D1434 /* OverviewViewController.swift in Sources */,
				52C2BC9B210E1C4600BA5CE5 /* NotTableViewCell.swift in Sources */,
				52ACBDC2210DA6BE009D1434 /* Services.swift in Sources */,
				52C2BC94210E1A4500BA5CE5 /* NotificacionesViewController.swift in Sources */,
				52ACBDCE210DF305009D1434 /* EstadisticasViewController.swift in Sources */,
				52B441A2210D3503002F6779 /* AppDelegate.swift in Sources */,
			);
			runOnlyForDeploymentPostprocessing = 0;
		};
		52B441AE210D3504002F6779 /* Sources */ = {
			isa = PBXSourcesBuildPhase;
			buildActionMask = 2147483647;
			files = (
				52B441B7210D3504002F6779 /* HackBoTests.swift in Sources */,
			);
			runOnlyForDeploymentPostprocessing = 0;
		};
		52B441B9210D3504002F6779 /* Sources */ = {
			isa = PBXSourcesBuildPhase;
			buildActionMask = 2147483647;
			files = (
				52B441C2210D3504002F6779 /* HackBoUITests.swift in Sources */,
			);
			runOnlyForDeploymentPostprocessing = 0;
		};
/* End PBXSourcesBuildPhase section */

/* Begin PBXTargetDependency section */
		52B441B4210D3504002F6779 /* PBXTargetDependency */ = {
			isa = PBXTargetDependency;
			target = 52B4419D210D3503002F6779 /* HackBo */;
			targetProxy = 52B441B3210D3504002F6779 /* PBXContainerItemProxy */;
		};
		52B441BF210D3504002F6779 /* PBXTargetDependency */ = {
			isa = PBXTargetDependency;
			target = 52B4419D210D3503002F6779 /* HackBo */;
			targetProxy = 52B441BE210D3504002F6779 /* PBXContainerItemProxy */;
		};
/* End PBXTargetDependency section */

/* Begin PBXVariantGroup section */
		52B441A5210D3503002F6779 /* Main.storyboard */ = {
			isa = PBXVariantGroup;
			children = (
				52B441A6210D3503002F6779 /* Base */,
			);
			name = Main.storyboard;
			sourceTree = "<group>";
		};
		52B441AA210D3504002F6779 /* LaunchScreen.storyboard */ = {
			isa = PBXVariantGroup;
			children = (
				52B441AB210D3504002F6779 /* Base */,
			);
			name = LaunchScreen.storyboard;
			sourceTree = "<group>";
		};
/* End PBXVariantGroup section */

/* Begin XCBuildConfiguration section */
		52B441C4210D3504002F6779 /* Debug */ = {
			isa = XCBuildConfiguration;
			buildSettings = {
				ALWAYS_SEARCH_USER_PATHS = NO;
				CLANG_ANALYZER_NONNULL = YES;
				CLANG_ANALYZER_NUMBER_OBJECT_CONVERSION = YES_AGGRESSIVE;
				CLANG_CXX_LANGUAGE_STANDARD = "gnu++14";
				CLANG_CXX_LIBRARY = "libc++";
				CLANG_ENABLE_MODULES = YES;
				CLANG_ENABLE_OBJC_ARC = YES;
				CLANG_ENABLE_OBJC_WEAK = YES;
				CLANG_WARN_BLOCK_CAPTURE_AUTORELEASING = YES;
				CLANG_WARN_BOOL_CONVERSION = YES;
				CLANG_WARN_COMMA = YES;
				CLANG_WARN_CONSTANT_CONVERSION = YES;
				CLANG_WARN_DEPRECATED_OBJC_IMPLEMENTATIONS = YES;
				CLANG_WARN_DIRECT_OBJC_ISA_USAGE = YES_ERROR;
				CLANG_WARN_DOCUMENTATION_COMMENTS = YES;
				CLANG_WARN_EMPTY_BODY = YES;
				CLANG_WARN_ENUM_CONVERSION = YES;
				CLANG_WARN_INFINITE_RECURSION = YES;
				CLANG_WARN_INT_CONVERSION = YES;
				CLANG_WARN_NON_LITERAL_NULL_CONVERSION = YES;
				CLANG_WARN_OBJC_IMPLICIT_RETAIN_SELF = YES;
				CLANG_WARN_OBJC_LITERAL_CONVERSION = YES;
				CLANG_WARN_OBJC_ROOT_CLASS = YES_ERROR;
				CLANG_WARN_RANGE_LOOP_ANALYSIS = YES;
				CLANG_WARN_STRICT_PROTOTYPES = YES;
				CLANG_WARN_SUSPICIOUS_MOVE = YES;
				CLANG_WARN_UNGUARDED_AVAILABILITY = YES_AGGRESSIVE;
				CLANG_WARN_UNREACHABLE_CODE = YES;
				CLANG_WARN__DUPLICATE_METHOD_MATCH = YES;
				CODE_SIGN_IDENTITY = "iPhone Developer";
				COPY_PHASE_STRIP = NO;
				DEBUG_INFORMATION_FORMAT = dwarf;
				ENABLE_STRICT_OBJC_MSGSEND = YES;
				ENABLE_TESTABILITY = YES;
				GCC_C_LANGUAGE_STANDARD = gnu11;
				GCC_DYNAMIC_NO_PIC = NO;
				GCC_NO_COMMON_BLOCKS = YES;
				GCC_OPTIMIZATION_LEVEL = 0;
				GCC_PREPROCESSOR_DEFINITIONS = (
					"DEBUG=1",
					"$(inherited)",
				);
				GCC_WARN_64_TO_32_BIT_CONVERSION = YES;
				GCC_WARN_ABOUT_RETURN_TYPE = YES_ERROR;
				GCC_WARN_UNDECLARED_SELECTOR = YES;
				GCC_WARN_UNINITIALIZED_AUTOS = YES_AGGRESSIVE;
				GCC_WARN_UNUSED_FUNCTION = YES;
				GCC_WARN_UNUSED_VARIABLE = YES;
				IPHONEOS_DEPLOYMENT_TARGET = 11.4;
				MTL_ENABLE_DEBUG_INFO = YES;
				ONLY_ACTIVE_ARCH = YES;
				SDKROOT = iphoneos;
				SWIFT_ACTIVE_COMPILATION_CONDITIONS = DEBUG;
				SWIFT_OPTIMIZATION_LEVEL = "-Onone";
			};
			name = Debug;
		};
		52B441C5210D3504002F6779 /* Release */ = {
			isa = XCBuildConfiguration;
			buildSettings = {
				ALWAYS_SEARCH_USER_PATHS = NO;
				CLANG_ANALYZER_NONNULL = YES;
				CLANG_ANALYZER_NUMBER_OBJECT_CONVERSION = YES_AGGRESSIVE;
				CLANG_CXX_LANGUAGE_STANDARD = "gnu++14";
				CLANG_CXX_LIBRARY = "libc++";
				CLANG_ENABLE_MODULES = YES;
				CLANG_ENABLE_OBJC_ARC = YES;
				CLANG_ENABLE_OBJC_WEAK = YES;
				CLANG_WARN_BLOCK_CAPTURE_AUTORELEASING = YES;
				CLANG_WARN_BOOL_CONVERSION = YES;
				CLANG_WARN_COMMA = YES;
				CLANG_WARN_CONSTANT_CONVERSION = YES;
				CLANG_WARN_DEPRECATED_OBJC_IMPLEMENTATIONS = YES;
				CLANG_WARN_DIRECT_OBJC_ISA_USAGE = YES_ERROR;
				CLANG_WARN_DOCUMENTATION_COMMENTS = YES;
				CLANG_WARN_EMPTY_BODY = YES;
				CLANG_WARN_ENUM_CONVERSION = YES;
				CLANG_WARN_INFINITE_RECURSION = YES;
				CLANG_WARN_INT_CONVERSION = YES;
				CLANG_WARN_NON_LITERAL_NULL_CONVERSION = YES;
				CLANG_WARN_OBJC_IMPLICIT_RETAIN_SELF = YES;
				CLANG_WARN_OBJC_LITERAL_CONVERSION = YES;
				CLANG_WARN_OBJC_ROOT_CLASS = YES_ERROR;
				CLANG_WARN_RANGE_LOOP_ANALYSIS = YES;
				CLANG_WARN_STRICT_PROTOTYPES = YES;
				CLANG_WARN_SUSPICIOUS_MOVE = YES;
				CLANG_WARN_UNGUARDED_AVAILABILITY = YES_AGGRESSIVE;
				CLANG_WARN_UNREACHABLE_CODE = YES;
				CLANG_WARN__DUPLICATE_METHOD_MATCH = YES;
				CODE_SIGN_IDENTITY = "iPhone Developer";
				COPY_PHASE_STRIP = NO;
				DEBUG_INFORMATION_FORMAT = "dwarf-with-dsym";
				ENABLE_NS_ASSERTIONS = NO;
				ENABLE_STRICT_OBJC_MSGSEND = YES;
				GCC_C_LANGUAGE_STANDARD = gnu11;
				GCC_NO_COMMON_BLOCKS = YES;
				GCC_WARN_64_TO_32_BIT_CONVERSION = YES;
				GCC_WARN_ABOUT_RETURN_TYPE = YES_ERROR;
				GCC_WARN_UNDECLARED_SELECTOR = YES;
				GCC_WARN_UNINITIALIZED_AUTOS = YES_AGGRESSIVE;
				GCC_WARN_UNUSED_FUNCTION = YES;
				GCC_WARN_UNUSED_VARIABLE = YES;
				IPHONEOS_DEPLOYMENT_TARGET = 11.4;
				MTL_ENABLE_DEBUG_INFO = NO;
				SDKROOT = iphoneos;
				SWIFT_COMPILATION_MODE = wholemodule;
				SWIFT_OPTIMIZATION_LEVEL = "-O";
				VALIDATE_PRODUCT = YES;
			};
			name = Release;
		};
		52B441C7210D3504002F6779 /* Debug */ = {
			isa = XCBuildConfiguration;
			baseConfigurationReference = 9AA78C88276608EB30A62D9F /* Pods-HackBo.debug.xcconfig */;
			buildSettings = {
				ASSETCATALOG_COMPILER_APPICON_NAME = AppIcon;
				CODE_SIGN_ENTITLEMENTS = HackBo/HackBo.entitlements;
				CODE_SIGN_STYLE = Automatic;
				DEVELOPMENT_TEAM = JE84MEW26F;
				INFOPLIST_FILE = HackBo/Info.plist;
				LD_RUNPATH_SEARCH_PATHS = (
					"$(inherited)",
					"@executable_path/Frameworks",
				);
				PRODUCT_BUNDLE_IDENTIFIER = com.HackBo;
				PRODUCT_NAME = "$(TARGET_NAME)";
				SWIFT_VERSION = 4.0;
				TARGETED_DEVICE_FAMILY = "1,2";
			};
			name = Debug;
		};
		52B441C8210D3504002F6779 /* Release */ = {
			isa = XCBuildConfiguration;
			baseConfigurationReference = CC371CEB4BC2963D3D047337 /* Pods-HackBo.release.xcconfig */;
			buildSettings = {
				ASSETCATALOG_COMPILER_APPICON_NAME = AppIcon;
				CODE_SIGN_ENTITLEMENTS = HackBo/HackBo.entitlements;
				CODE_SIGN_STYLE = Automatic;
				DEVELOPMENT_TEAM = JE84MEW26F;
				INFOPLIST_FILE = HackBo/Info.plist;
				LD_RUNPATH_SEARCH_PATHS = (
					"$(inherited)",
					"@executable_path/Frameworks",
				);
				PRODUCT_BUNDLE_IDENTIFIER = com.HackBo;
				PRODUCT_NAME = "$(TARGET_NAME)";
				SWIFT_VERSION = 4.0;
				TARGETED_DEVICE_FAMILY = "1,2";
			};
			name = Release;
		};
		52B441CA210D3504002F6779 /* Debug */ = {
			isa = XCBuildConfiguration;
			buildSettings = {
				ALWAYS_EMBED_SWIFT_STANDARD_LIBRARIES = YES;
				BUNDLE_LOADER = "$(TEST_HOST)";
				CODE_SIGN_STYLE = Automatic;
				DEVELOPMENT_TEAM = JE84MEW26F;
				INFOPLIST_FILE = HackBoTests/Info.plist;
				LD_RUNPATH_SEARCH_PATHS = (
					"$(inherited)",
					"@executable_path/Frameworks",
					"@loader_path/Frameworks",
				);
				PRODUCT_BUNDLE_IDENTIFIER = com.paololabs.HackBoTests;
				PRODUCT_NAME = "$(TARGET_NAME)";
				SWIFT_VERSION = 4.0;
				TARGETED_DEVICE_FAMILY = "1,2";
				TEST_HOST = "$(BUILT_PRODUCTS_DIR)/HackBo.app/HackBo";
			};
			name = Debug;
		};
		52B441CB210D3504002F6779 /* Release */ = {
			isa = XCBuildConfiguration;
			buildSettings = {
				ALWAYS_EMBED_SWIFT_STANDARD_LIBRARIES = YES;
				BUNDLE_LOADER = "$(TEST_HOST)";
				CODE_SIGN_STYLE = Automatic;
				DEVELOPMENT_TEAM = JE84MEW26F;
				INFOPLIST_FILE = HackBoTests/Info.plist;
				LD_RUNPATH_SEARCH_PATHS = (
					"$(inherited)",
					"@executable_path/Frameworks",
					"@loader_path/Frameworks",
				);
				PRODUCT_BUNDLE_IDENTIFIER = com.paololabs.HackBoTests;
				PRODUCT_NAME = "$(TARGET_NAME)";
				SWIFT_VERSION = 4.0;
				TARGETED_DEVICE_FAMILY = "1,2";
				TEST_HOST = "$(BUILT_PRODUCTS_DIR)/HackBo.app/HackBo";
			};
			name = Release;
		};
		52B441CD210D3504002F6779 /* Debug */ = {
			isa = XCBuildConfiguration;
			buildSettings = {
				ALWAYS_EMBED_SWIFT_STANDARD_LIBRARIES = YES;
				CODE_SIGN_STYLE = Automatic;
				DEVELOPMENT_TEAM = JE84MEW26F;
				INFOPLIST_FILE = HackBoUITests/Info.plist;
				LD_RUNPATH_SEARCH_PATHS = (
					"$(inherited)",
					"@executable_path/Frameworks",
					"@loader_path/Frameworks",
				);
				PRODUCT_BUNDLE_IDENTIFIER = com.paololabs.HackBoUITests;
				PRODUCT_NAME = "$(TARGET_NAME)";
				SWIFT_VERSION = 4.0;
				TARGETED_DEVICE_FAMILY = "1,2";
				TEST_TARGET_NAME = HackBo;
			};
			name = Debug;
		};
		52B441CE210D3504002F6779 /* Release */ = {
			isa = XCBuildConfiguration;
			buildSettings = {
				ALWAYS_EMBED_SWIFT_STANDARD_LIBRARIES = YES;
				CODE_SIGN_STYLE = Automatic;
				DEVELOPMENT_TEAM = JE84MEW26F;
				INFOPLIST_FILE = HackBoUITests/Info.plist;
				LD_RUNPATH_SEARCH_PATHS = (
					"$(inherited)",
					"@executable_path/Frameworks",
					"@loader_path/Frameworks",
				);
				PRODUCT_BUNDLE_IDENTIFIER = com.paololabs.HackBoUITests;
				PRODUCT_NAME = "$(TARGET_NAME)";
				SWIFT_VERSION = 4.0;
				TARGETED_DEVICE_FAMILY = "1,2";
				TEST_TARGET_NAME = HackBo;
			};
			name = Release;
		};
/* End XCBuildConfiguration section */

/* Begin XCConfigurationList section */
		52B44199210D3502002F6779 /* Build configuration list for PBXProject "HackBo" */ = {
			isa = XCConfigurationList;
			buildConfigurations = (
				52B441C4210D3504002F6779 /* Debug */,
				52B441C5210D3504002F6779 /* Release */,
			);
			defaultConfigurationIsVisible = 0;
			defaultConfigurationName = Release;
		};
		52B441C6210D3504002F6779 /* Build configuration list for PBXNativeTarget "HackBo" */ = {
			isa = XCConfigurationList;
			buildConfigurations = (
				52B441C7210D3504002F6779 /* Debug */,
				52B441C8210D3504002F6779 /* Release */,
			);
			defaultConfigurationIsVisible = 0;
			defaultConfigurationName = Release;
		};
		52B441C9210D3504002F6779 /* Build configuration list for PBXNativeTarget "HackBoTests" */ = {
			isa = XCConfigurationList;
			buildConfigurations = (
				52B441CA210D3504002F6779 /* Debug */,
				52B441CB210D3504002F6779 /* Release */,
			);
			defaultConfigurationIsVisible = 0;
			defaultConfigurationName = Release;
		};
		52B441CC210D3504002F6779 /* Build configuration list for PBXNativeTarget "HackBoUITests" */ = {
			isa = XCConfigurationList;
			buildConfigurations = (
				52B441CD210D3504002F6779 /* Debug */,
				52B441CE210D3504002F6779 /* Release */,
			);
			defaultConfigurationIsVisible = 0;
			defaultConfigurationName = Release;
		};
/* End XCConfigurationList section */
	};
	rootObject = 52B44196210D3502002F6779 /* Project object */;
}
